// !$*UTF8*$!
{
	archiveVersion = 1;
	classes = {
	};
	objectVersion = 46;
	objects = {

/* Begin PBXBuildFile section */
		472E7BD11B0F8B750059508A /* AppDelegate.swift in Sources */ = {isa = PBXBuildFile; fileRef = 472E7BD01B0F8B750059508A /* AppDelegate.swift */; };
		472E7BD31B0F8B750059508A /* ViewController.swift in Sources */ = {isa = PBXBuildFile; fileRef = 472E7BD21B0F8B750059508A /* ViewController.swift */; };
		472E7BD61B0F8B750059508A /* Main.storyboard in Resources */ = {isa = PBXBuildFile; fileRef = 472E7BD41B0F8B750059508A /* Main.storyboard */; };
		472E7BD81B0F8B750059508A /* Images.xcassets in Resources */ = {isa = PBXBuildFile; fileRef = 472E7BD71B0F8B750059508A /* Images.xcassets */; };
		472E7BDB1B0F8B750059508A /* LaunchScreen.xib in Resources */ = {isa = PBXBuildFile; fileRef = 472E7BD91B0F8B750059508A /* LaunchScreen.xib */; };
		472E7BE71B0F8B750059508A /* StopwatchTests.swift in Sources */ = {isa = PBXBuildFile; fileRef = 472E7BE61B0F8B750059508A /* StopwatchTests.swift */; };
/* End PBXBuildFile section */

/* Begin PBXContainerItemProxy section */
		472E7BE11B0F8B750059508A /* PBXContainerItemProxy */ = {
			isa = PBXContainerItemProxy;
			containerPortal = 472E7BC31B0F8B750059508A /* Project object */;
			proxyType = 1;
			remoteGlobalIDString = 472E7BCA1B0F8B750059508A;
			remoteInfo = Stopwatch;
		};
/* End PBXContainerItemProxy section */

/* Begin PBXFileReference section */
		472E7BCB1B0F8B750059508A /* Stopwatch.app */ = {isa = PBXFileReference; explicitFileType = wrapper.application; includeInIndex = 0; path = Stopwatch.app; sourceTree = BUILT_PRODUCTS_DIR; };
		472E7BCF1B0F8B750059508A /* Info.plist */ = {isa = PBXFileReference; lastKnownFileType = text.plist.xml; path = Info.plist; sourceTree = "<group>"; };
		472E7BD01B0F8B750059508A /* AppDelegate.swift */ = {isa = PBXFileReference; lastKnownFileType = sourcecode.swift; path = AppDelegate.swift; sourceTree = "<group>"; };
		472E7BD21B0F8B750059508A /* ViewController.swift */ = {isa = PBXFileReference; lastKnownFileType = sourcecode.swift; path = ViewController.swift; sourceTree = "<group>"; };
		472E7BD51B0F8B750059508A /* Base */ = {isa = PBXFileReference; lastKnownFileType = file.storyboard; name = Base; path = Base.lproj/Main.storyboard; sourceTree = "<group>"; };
		472E7BD71B0F8B750059508A /* Images.xcassets */ = {isa = PBXFileReference; lastKnownFileType = folder.assetcatalog; path = Images.xcassets; sourceTree = "<group>"; };
		472E7BDA1B0F8B750059508A /* Base */ = {isa = PBXFileReference; lastKnownFileType = file.xib; name = Base; path = Base.lproj/LaunchScreen.xib; sourceTree = "<group>"; };
		472E7BE01B0F8B750059508A /* StopwatchTests.xctest */ = {isa = PBXFileReference; explicitFileType = wrapper.cfbundle; includeInIndex = 0; path = StopwatchTests.xctest; sourceTree = BUILT_PRODUCTS_DIR; };
		472E7BE51B0F8B750059508A /* Info.plist */ = {isa = PBXFileReference; lastKnownFileType = text.plist.xml; path = Info.plist; sourceTree = "<group>"; };
		472E7BE61B0F8B750059508A /* StopwatchTests.swift */ = {isa = PBXFileReference; lastKnownFileType = sourcecode.swift; path = StopwatchTests.swift; sourceTree = "<group>"; };
/* End PBXFileReference section */

/* Begin PBXFrameworksBuildPhase section */
		472E7BC81B0F8B750059508A /* Frameworks */ = {
			isa = PBXFrameworksBuildPhase;
			buildActionMask = 2147483647;
			files = (
			);
			runOnlyForDeploymentPostprocessing = 0;
		};
		472E7BDD1B0F8B750059508A /* Frameworks */ = {
			isa = PBXFrameworksBuildPhase;
			buildActionMask = 2147483647;
			files = (
			);
			runOnlyForDeploymentPostprocessing = 0;
		};
/* End PBXFrameworksBuildPhase section */

/* Begin PBXGroup section */
		472E7BC21B0F8B750059508A = {
			isa = PBXGroup;
			children = (
				472E7BCD1B0F8B750059508A /* Stopwatch */,
				472E7BE31B0F8B750059508A /* StopwatchTests */,
				472E7BCC1B0F8B750059508A /* Products */,
			);
			sourceTree = "<group>";
		};
		472E7BCC1B0F8B750059508A /* Products */ = {
			isa = PBXGroup;
			children = (
				472E7BCB1B0F8B750059508A /* Stopwatch.app */,
				472E7BE01B0F8B750059508A /* StopwatchTests.xctest */,
			);
			name = Products;
			sourceTree = "<group>";
		};
		472E7BCD1B0F8B750059508A /* Stopwatch */ = {
			isa = PBXGroup;
			children = (
				472E7BD01B0F8B750059508A /* AppDelegate.swift */,
				472E7BD21B0F8B750059508A /* ViewController.swift */,
				472E7BD41B0F8B750059508A /* Main.storyboard */,
				472E7BD71B0F8B750059508A /* Images.xcassets */,
				472E7BD91B0F8B750059508A /* LaunchScreen.xib */,
				472E7BCE1B0F8B750059508A /* Supporting Files */,
			);
			path = Stopwatch;
			sourceTree = "<group>";
		};
		472E7BCE1B0F8B750059508A /* Supporting Files */ = {
			isa = PBXGroup;
			children = (
				472E7BCF1B0F8B750059508A /* Info.plist */,
			);
			name = "Supporting Files";
			sourceTree = "<group>";
		};
		472E7BE31B0F8B750059508A /* StopwatchTests */ = {
			isa = PBXGroup;
			children = (
				472E7BE61B0F8B750059508A /* StopwatchTests.swift */,
				472E7BE41B0F8B750059508A /* Supporting Files */,
			);
			path = StopwatchTests;
			sourceTree = "<group>";
		};
		472E7BE41B0F8B750059508A /* Supporting Files */ = {
			isa = PBXGroup;
			children = (
				472E7BE51B0F8B750059508A /* Info.plist */,
			);
			name = "Supporting Files";
			sourceTree = "<group>";
		};
/* End PBXGroup section */

/* Begin PBXNativeTarget section */
		472E7BCA1B0F8B750059508A /* Stopwatch */ = {
			isa = PBXNativeTarget;
			buildConfigurationList = 472E7BEA1B0F8B750059508A /* Build configuration list for PBXNativeTarget "Stopwatch" */;
			buildPhases = (
				472E7BC71B0F8B750059508A /* Sources */,
				472E7BC81B0F8B750059508A /* Frameworks */,
				472E7BC91B0F8B750059508A /* Resources */,
			);
			buildRules = (
			);
			dependencies = (
			);
			name = Stopwatch;
			productName = Stopwatch;
			productReference = 472E7BCB1B0F8B750059508A /* Stopwatch.app */;
			productType = "com.apple.product-type.application";
		};
		472E7BDF1B0F8B750059508A /* StopwatchTests */ = {
			isa = PBXNativeTarget;
			buildConfigurationList = 472E7BED1B0F8B750059508A /* Build configuration list for PBXNativeTarget "StopwatchTests" */;
			buildPhases = (
				472E7BDC1B0F8B750059508A /* Sources */,
				472E7BDD1B0F8B750059508A /* Frameworks */,
				472E7BDE1B0F8B750059508A /* Resources */,
			);
			buildRules = (
			);
			dependencies = (
				472E7BE21B0F8B750059508A /* PBXTargetDependency */,
			);
			name = StopwatchTests;
			productName = StopwatchTests;
			productReference = 472E7BE01B0F8B750059508A /* StopwatchTests.xctest */;
			productType = "com.apple.product-type.bundle.unit-test";
		};
/* End PBXNativeTarget section */

/* Begin PBXProject section */
		472E7BC31B0F8B750059508A /* Project object */ = {
			isa = PBXProject;
			attributes = {
				LastUpgradeCheck = 0630;
				ORGANIZATIONNAME = iDev;
				TargetAttributes = {
					472E7BCA1B0F8B750059508A = {
						CreatedOnToolsVersion = 6.3.1;
					};
					472E7BDF1B0F8B750059508A = {
						CreatedOnToolsVersion = 6.3.1;
						TestTargetID = 472E7BCA1B0F8B750059508A;
					};
				};
			};
			buildConfigurationList = 472E7BC61B0F8B750059508A /* Build configuration list for PBXProject "Stopwatch" */;
			compatibilityVersion = "Xcode 3.2";
			developmentRegion = English;
			hasScannedForEncodings = 0;
			knownRegions = (
				en,
				Base,
			);
			mainGroup = 472E7BC21B0F8B750059508A;
			productRefGroup = 472E7BCC1B0F8B750059508A /* Products */;
			projectDirPath = "";
			projectRoot = "";
			targets = (
				472E7BCA1B0F8B750059508A /* Stopwatch */,
				472E7BDF1B0F8B750059508A /* StopwatchTests */,
			);
		};
/* End PBXProject section */

/* Begin PBXResourcesBuildPhase section */
		472E7BC91B0F8B750059508A /* Resources */ = {
			isa = PBXResourcesBuildPhase;
			buildActionMask = 2147483647;
			files = (
				472E7BD61B0F8B750059508A /* Main.storyboard in Resources */,
				472E7BDB1B0F8B750059508A /* LaunchScreen.xib in Resources */,
				472E7BD81B0F8B750059508A /* Images.xcassets in Resources */,
			);
			runOnlyForDeploymentPostprocessing = 0;
		};
		472E7BDE1B0F8B750059508A /* Resources */ = {
			isa = PBXResourcesBuildPhase;
			buildActionMask = 2147483647;
			files = (
			);
			runOnlyForDeploymentPostprocessing = 0;
		};
/* End PBXResourcesBuildPhase section */

/* Begin PBXSourcesBuildPhase section */
		472E7BC71B0F8B750059508A /* Sources */ = {
			isa = PBXSourcesBuildPhase;
			buildActionMask = 2147483647;
			files = (
				472E7BD31B0F8B750059508A /* ViewController.swift in Sources */,
				472E7BD11B0F8B750059508A /* AppDelegate.swift in Sources */,
			);
			runOnlyForDeploymentPostprocessing = 0;
		};
		472E7BDC1B0F8B750059508A /* Sources */ = {
			isa = PBXSourcesBuildPhase;
			buildActionMask = 2147483647;
			files = (
				472E7BE71B0F8B750059508A /* StopwatchTests.swift in Sources */,
			);
			runOnlyForDeploymentPostprocessing = 0;
		};
/* End PBXSourcesBuildPhase section */

/* Begin PBXTargetDependency section */
		472E7BE21B0F8B750059508A /* PBXTargetDependency */ = {
			isa = PBXTargetDependency;
			target = 472E7BCA1B0F8B750059508A /* Stopwatch */;
			targetProxy = 472E7BE11B0F8B750059508A /* PBXContainerItemProxy */;
		};
/* End PBXTargetDependency section */

/* Begin PBXVariantGroup section */
		472E7BD41B0F8B750059508A /* Main.storyboard */ = {
			isa = PBXVariantGroup;
			children = (
				472E7BD51B0F8B750059508A /* Base */,
			);
			name = Main.storyboard;
			sourceTree = "<group>";
		};
		472E7BD91B0F8B750059508A /* LaunchScreen.xib */ = {
			isa = PBXVariantGroup;
			children = (
				472E7BDA1B0F8B750059508A /* Base */,
			);
			name = LaunchScreen.xib;
			sourceTree = "<group>";
		};
/* End PBXVariantGroup section */

/* Begin XCBuildConfiguration section */
		472E7BE81B0F8B750059508A /* Debug */ = {
			isa = XCBuildConfiguration;
			buildSettings = {
				ALWAYS_SEARCH_USER_PATHS = NO;
				CLANG_CXX_LANGUAGE_STANDARD = "gnu++0x";
				CLANG_CXX_LIBRARY = "libc++";
				CLANG_ENABLE_MODULES = YES;
				CLANG_ENABLE_OBJC_ARC = YES;
				CLANG_WARN_BOOL_CONVERSION = YES;
				CLANG_WARN_CONSTANT_CONVERSION = YES;
				CLANG_WARN_DIRECT_OBJC_ISA_USAGE = YES_ERROR;
				CLANG_WARN_EMPTY_BODY = YES;
				CLANG_WARN_ENUM_CONVERSION = YES;
				CLANG_WARN_INT_CONVERSION = YES;
				CLANG_WARN_OBJC_ROOT_CLASS = YES_ERROR;
				CLANG_WARN_UNREACHABLE_CODE = YES;
				CLANG_WARN__DUPLICATE_METHOD_MATCH = YES;
				"CODE_SIGN_IDENTITY[sdk=iphoneos*]" = "iPhone Developer";
				COPY_PHASE_STRIP = NO;
				DEBUG_INFORMATION_FORMAT = "dwarf-with-dsym";
				ENABLE_STRICT_OBJC_MSGSEND = YES;
				GCC_C_LANGUAGE_STANDARD = gnu99;
				GCC_DYNAMIC_NO_PIC = NO;
				GCC_NO_COMMON_BLOCKS = YES;
				GCC_OPTIMIZATION_LEVEL = 0;
				GCC_PREPROCESSOR_DEFINITIONS = (
					"DEBUG=1",
					"$(inherited)",
				);
				GCC_SYMBOLS_PRIVATE_EXTERN = NO;
				GCC_WARN_64_TO_32_BIT_CONVERSION = YES;
				GCC_WARN_ABOUT_RETURN_TYPE = YES_ERROR;
				GCC_WARN_UNDECLARED_SELECTOR = YES;
				GCC_WARN_UNINITIALIZED_AUTOS = YES_AGGRESSIVE;
				GCC_WARN_UNUSED_FUNCTION = YES;
				GCC_WARN_UNUSED_VARIABLE = YES;
				IPHONEOS_DEPLOYMENT_TARGET = 8.3;
				MTL_ENABLE_DEBUG_INFO = YES;
				ONLY_ACTIVE_ARCH = YES;
				SDKROOT = iphoneos;
				SWIFT_OPTIMIZATION_LEVEL = "-Onone";
				TARGETED_DEVICE_FAMILY = "1,2";
			};
			name = Debug;
		};
		472E7BE91B0F8B750059508A /* Release */ = {
			isa = XCBuildConfiguration;
			buildSettings = {
				ALWAYS_SEARCH_USER_PATHS = NO;
				CLANG_CXX_LANGUAGE_STANDARD = "gnu++0x";
				CLANG_CXX_LIBRARY = "libc++";
				CLANG_ENABLE_MODULES = YES;
				CLANG_ENABLE_OBJC_ARC = YES;
				CLANG_WARN_BOOL_CONVERSION = YES;
				CLANG_WARN_CONSTANT_CONVERSION = YES;
				CLANG_WARN_DIRECT_OBJC_ISA_USAGE = YES_ERROR;
				CLANG_WARN_EMPTY_BODY = YES;
				CLANG_WARN_ENUM_CONVERSION = YES;
				CLANG_WARN_INT_CONVERSION = YES;
				CLANG_WARN_OBJC_ROOT_CLASS = YES_ERROR;
				CLANG_WARN_UNREACHABLE_CODE = YES;
				CLANG_WARN__DUPLICATE_METHOD_MATCH = YES;
				"CODE_SIGN_IDENTITY[sdk=iphoneos*]" = "iPhone Developer";
				COPY_PHASE_STRIP = NO;
				DEBUG_INFORMATION_FORMAT = "dwarf-with-dsym";
				ENABLE_NS_ASSERTIONS = NO;
				ENABLE_STRICT_OBJC_MSGSEND = YES;
				GCC_C_LANGUAGE_STANDARD = gnu99;
				GCC_NO_COMMON_BLOCKS = YES;
				GCC_WARN_64_TO_32_BIT_CONVERSION = YES;
				GCC_WARN_ABOUT_RETURN_TYPE = YES_ERROR;
				GCC_WARN_UNDECLARED_SELECTOR = YES;
				GCC_WARN_UNINITIALIZED_AUTOS = YES_AGGRESSIVE;
				GCC_WARN_UNUSED_FUNCTION = YES;
				GCC_WARN_UNUSED_VARIABLE = YES;
				IPHONEOS_DEPLOYMENT_TARGET = 8.3;
				MTL_ENABLE_DEBUG_INFO = NO;
				SDKROOT = iphoneos;
				TARGETED_DEVICE_FAMILY = "1,2";
				VALIDATE_PRODUCT = YES;
			};
			name = Release;
		};
		472E7BEB1B0F8B750059508A /* Debug */ = {
			isa = XCBuildConfiguration;
			buildSettings = {
				ASSETCATALOG_COMPILER_APPICON_NAME = AppIcon;
				INFOPLIST_FILE = Stopwatch/Info.plist;
				LD_RUNPATH_SEARCH_PATHS = "$(inherited) @executable_path/Frameworks";
				PRODUCT_NAME = "$(TARGET_NAME)";
			};
			name = Debug;
		};
		472E7BEC1B0F8B750059508A /* Release */ = {
			isa = XCBuildConfiguration;
			buildSettings = {
				ASSETCATALOG_COMPILER_APPICON_NAME = AppIcon;
				INFOPLIST_FILE = Stopwatch/Info.plist;
				LD_RUNPATH_SEARCH_PATHS = "$(inherited) @executable_path/Frameworks";
				PRODUCT_NAME = "$(TARGET_NAME)";
			};
			name = Release;
		};
		472E7BEE1B0F8B750059508A /* Debug */ = {
			isa = XCBuildConfiguration;
			buildSettings = {
				BUNDLE_LOADER = "$(TEST_HOST)";
				FRAMEWORK_SEARCH_PATHS = (
					"$(SDKROOT)/Developer/Library/Frameworks",
					"$(inherited)",
				);
				GCC_PREPROCESSOR_DEFINITIONS = (
					"DEBUG=1",
					"$(inherited)",
				);
				INFOPLIST_FILE = StopwatchTests/Info.plist;
				LD_RUNPATH_SEARCH_PATHS = "$(inherited) @executable_path/Frameworks @loader_path/Frameworks";
				PRODUCT_NAME = "$(TARGET_NAME)";
				TEST_HOST = "$(BUILT_PRODUCTS_DIR)/Stopwatch.app/Stopwatch";
			};
			name = Debug;
		};
		472E7BEF1B0F8B750059508A /* Release */ = {
			isa = XCBuildConfiguration;
			buildSettings = {
				BUNDLE_LOADER = "$(TEST_HOST)";
				FRAMEWORK_SEARCH_PATHS = (
					"$(SDKROOT)/Developer/Library/Frameworks",
					"$(inherited)",
				);
				INFOPLIST_FILE = StopwatchTests/Info.plist;
				LD_RUNPATH_SEARCH_PATHS = "$(inherited) @executable_path/Frameworks @loader_path/Frameworks";
				PRODUCT_NAME = "$(TARGET_NAME)";
				TEST_HOST = "$(BUILT_PRODUCTS_DIR)/Stopwatch.app/Stopwatch";
			};
			name = Release;
		};
/* End XCBuildConfiguration section */

/* Begin XCConfigurationList section */
		472E7BC61B0F8B750059508A /* Build configuration list for PBXProject "Stopwatch" */ = {
			isa = XCConfigurationList;
			buildConfigurations = (
				472E7BE81B0F8B750059508A /* Debug */,
				472E7BE91B0F8B750059508A /* Release */,
			);
			defaultConfigurationIsVisible = 0;
			defaultConfigurationName = Release;
		};
		472E7BEA1B0F8B750059508A /* Build configuration list for PBXNativeTarget "Stopwatch" */ = {
			isa = XCConfigurationList;
			buildConfigurations = (
				472E7BEB1B0F8B750059508A /* Debug */,
				472E7BEC1B0F8B750059508A /* Release */,
			);
			defaultConfigurationIsVisible = 0;
		};
		472E7BED1B0F8B750059508A /* Build configuration list for PBXNativeTarget "StopwatchTests" */ = {
			isa = XCConfigurationList;
			buildConfigurations = (
				472E7BEE1B0F8B750059508A /* Debug */,
				472E7BEF1B0F8B750059508A /* Release */,
			);
			defaultConfigurationIsVisible = 0;
		};
/* End XCConfigurationList section */
	};
	rootObject = 472E7BC31B0F8B750059508A /* Project object */;
}
